// !$*UTF8*$!
{
	archiveVersion = 1;
	classes = {
	};
	objectVersion = 50;
	objects = {

/* Begin PBXBuildFile section */
		1837E869253358E90031C529 /* Model.swift in Sources */ = {isa = PBXBuildFile; fileRef = 1837E868253358E90031C529 /* Model.swift */; };
		1837E86B25335A5B0031C529 /* ViewModel.swift in Sources */ = {isa = PBXBuildFile; fileRef = 1837E86A25335A5B0031C529 /* ViewModel.swift */; };
		1837E86D25337D110031C529 /* CustomButton.swift in Sources */ = {isa = PBXBuildFile; fileRef = 1837E86C25337D110031C529 /* CustomButton.swift */; };
		1840407F2532DAC20085C6F6 /* AppDelegate.swift in Sources */ = {isa = PBXBuildFile; fileRef = 1840407E2532DAC20085C6F6 /* AppDelegate.swift */; };
		184040812532DAC20085C6F6 /* SceneDelegate.swift in Sources */ = {isa = PBXBuildFile; fileRef = 184040802532DAC20085C6F6 /* SceneDelegate.swift */; };
		184040832532DAC20085C6F6 /* ContentView.swift in Sources */ = {isa = PBXBuildFile; fileRef = 184040822532DAC20085C6F6 /* ContentView.swift */; };
		184040852532DAC40085C6F6 /* Assets.xcassets in Resources */ = {isa = PBXBuildFile; fileRef = 184040842532DAC40085C6F6 /* Assets.xcassets */; };
		184040882532DAC40085C6F6 /* Preview Assets.xcassets in Resources */ = {isa = PBXBuildFile; fileRef = 184040872532DAC40085C6F6 /* Preview Assets.xcassets */; };
		1840408B2532DAC40085C6F6 /* LaunchScreen.storyboard in Resources */ = {isa = PBXBuildFile; fileRef = 184040892532DAC40085C6F6 /* LaunchScreen.storyboard */; };
		184040932532DAF10085C6F6 /* LinkedList.swift in Sources */ = {isa = PBXBuildFile; fileRef = 184040922532DAF10085C6F6 /* LinkedList.swift */; };
/* End PBXBuildFile section */

/* Begin PBXFileReference section */
		1837E868253358E90031C529 /* Model.swift */ = {isa = PBXFileReference; lastKnownFileType = sourcecode.swift; path = Model.swift; sourceTree = "<group>"; };
		1837E86A25335A5B0031C529 /* ViewModel.swift */ = {isa = PBXFileReference; lastKnownFileType = sourcecode.swift; path = ViewModel.swift; sourceTree = "<group>"; };
		1837E86C25337D110031C529 /* CustomButton.swift */ = {isa = PBXFileReference; lastKnownFileType = sourcecode.swift; path = CustomButton.swift; sourceTree = "<group>"; };
		1840407B2532DAC20085C6F6 /* LinkedListDemo.app */ = {isa = PBXFileReference; explicitFileType = wrapper.application; includeInIndex = 0; path = LinkedListDemo.app; sourceTree = BUILT_PRODUCTS_DIR; };
		1840407E2532DAC20085C6F6 /* AppDelegate.swift */ = {isa = PBXFileReference; lastKnownFileType = sourcecode.swift; path = AppDelegate.swift; sourceTree = "<group>"; };
		184040802532DAC20085C6F6 /* SceneDelegate.swift */ = {isa = PBXFileReference; lastKnownFileType = sourcecode.swift; path = SceneDelegate.swift; sourceTree = "<group>"; };
		184040822532DAC20085C6F6 /* ContentView.swift */ = {isa = PBXFileReference; lastKnownFileType = sourcecode.swift; path = ContentView.swift; sourceTree = "<group>"; };
		184040842532DAC40085C6F6 /* Assets.xcassets */ = {isa = PBXFileReference; lastKnownFileType = folder.assetcatalog; path = Assets.xcassets; sourceTree = "<group>"; };
		184040872532DAC40085C6F6 /* Preview Assets.xcassets */ = {isa = PBXFileReference; lastKnownFileType = folder.assetcatalog; path = "Preview Assets.xcassets"; sourceTree = "<group>"; };
		1840408A2532DAC40085C6F6 /* Base */ = {isa = PBXFileReference; lastKnownFileType = file.storyboard; name = Base; path = Base.lproj/LaunchScreen.storyboard; sourceTree = "<group>"; };
		1840408C2532DAC40085C6F6 /* Info.plist */ = {isa = PBXFileReference; lastKnownFileType = text.plist.xml; path = Info.plist; sourceTree = "<group>"; };
		184040922532DAF10085C6F6 /* LinkedList.swift */ = {isa = PBXFileReference; lastKnownFileType = sourcecode.swift; path = LinkedList.swift; sourceTree = "<group>"; };
/* End PBXFileReference section */

/* Begin PBXFrameworksBuildPhase section */
		184040782532DAC20085C6F6 /* Frameworks */ = {
			isa = PBXFrameworksBuildPhase;
			buildActionMask = 2147483647;
			files = (
			);
			runOnlyForDeploymentPostprocessing = 0;
		};
/* End PBXFrameworksBuildPhase section */

/* Begin PBXGroup section */
		1837E86E2533864F0031C529 /* Delegate */ = {
			isa = PBXGroup;
			children = (
				1840407E2532DAC20085C6F6 /* AppDelegate.swift */,
				184040802532DAC20085C6F6 /* SceneDelegate.swift */,
			);
			path = Delegate;
			sourceTree = "<group>";
		};
		1837E86F253386620031C529 /* View */ = {
			isa = PBXGroup;
			children = (
				184040822532DAC20085C6F6 /* ContentView.swift */,
				1837E86C25337D110031C529 /* CustomButton.swift */,
			);
			path = View;
			sourceTree = "<group>";
		};
		1837E8702533866B0031C529 /* Model */ = {
			isa = PBXGroup;
			children = (
				1837E868253358E90031C529 /* Model.swift */,
			);
			path = Model;
			sourceTree = "<group>";
		};
		1837E871253386720031C529 /* ViewModel */ = {
			isa = PBXGroup;
			children = (
				1837E86A25335A5B0031C529 /* ViewModel.swift */,
			);
			path = ViewModel;
			sourceTree = "<group>";
		};
		184040722532DAC20085C6F6 = {
			isa = PBXGroup;
			children = (
				1840407D2532DAC20085C6F6 /* LinkedListDemo */,
				1840407C2532DAC20085C6F6 /* Products */,
			);
			sourceTree = "<group>";
		};
		1840407C2532DAC20085C6F6 /* Products */ = {
			isa = PBXGroup;
			children = (
				1840407B2532DAC20085C6F6 /* LinkedListDemo.app */,
			);
			name = Products;
			sourceTree = "<group>";
		};
		1840407D2532DAC20085C6F6 /* LinkedListDemo */ = {
			isa = PBXGroup;
			children = (
				1837E86E2533864F0031C529 /* Delegate */,
				184040922532DAF10085C6F6 /* LinkedList.swift */,
				1837E86F253386620031C529 /* View */,
				1837E8702533866B0031C529 /* Model */,
				1837E871253386720031C529 /* ViewModel */,
				184040842532DAC40085C6F6 /* Assets.xcassets */,
				184040892532DAC40085C6F6 /* LaunchScreen.storyboard */,
				1840408C2532DAC40085C6F6 /* Info.plist */,
				184040862532DAC40085C6F6 /* Preview Content */,
			);
			path = LinkedListDemo;
			sourceTree = "<group>";
		};
		184040862532DAC40085C6F6 /* Preview Content */ = {
			isa = PBXGroup;
			children = (
				184040872532DAC40085C6F6 /* Preview Assets.xcassets */,
			);
			path = "Preview Content";
			sourceTree = "<group>";
		};
/* End PBXGroup section */

/* Begin PBXNativeTarget section */
		1840407A2532DAC20085C6F6 /* LinkedListDemo */ = {
			isa = PBXNativeTarget;
			buildConfigurationList = 1840408F2532DAC40085C6F6 /* Build configuration list for PBXNativeTarget "LinkedListDemo" */;
			buildPhases = (
				184040772532DAC20085C6F6 /* Sources */,
				184040782532DAC20085C6F6 /* Frameworks */,
				184040792532DAC20085C6F6 /* Resources */,
			);
			buildRules = (
			);
			dependencies = (
			);
			name = LinkedListDemo;
			productName = LinkedListDemo;
			productReference = 1840407B2532DAC20085C6F6 /* LinkedListDemo.app */;
			productType = "com.apple.product-type.application";
		};
/* End PBXNativeTarget section */

/* Begin PBXProject section */
		184040732532DAC20085C6F6 /* Project object */ = {
			isa = PBXProject;
			attributes = {
				LastSwiftUpdateCheck = 1160;
				LastUpgradeCheck = 1160;
				ORGANIZATIONNAME = "Saurabh Chandra Bose";
				TargetAttributes = {
					1840407A2532DAC20085C6F6 = {
						CreatedOnToolsVersion = 11.6;
					};
				};
			};
			buildConfigurationList = 184040762532DAC20085C6F6 /* Build configuration list for PBXProject "LinkedListDemo" */;
			compatibilityVersion = "Xcode 9.3";
			developmentRegion = en;
			hasScannedForEncodings = 0;
			knownRegions = (
				en,
				Base,
			);
			mainGroup = 184040722532DAC20085C6F6;
			productRefGroup = 1840407C2532DAC20085C6F6 /* Products */;
			projectDirPath = "";
			projectRoot = "";
			targets = (
				1840407A2532DAC20085C6F6 /* LinkedListDemo */,
			);
		};
/* End PBXProject section */

/* Begin PBXResourcesBuildPhase section */
		184040792532DAC20085C6F6 /* Resources */ = {
			isa = PBXResourcesBuildPhase;
			buildActionMask = 2147483647;
			files = (
				1840408B2532DAC40085C6F6 /* LaunchScreen.storyboard in Resources */,
				184040882532DAC40085C6F6 /* Preview Assets.xcassets in Resources */,
				184040852532DAC40085C6F6 /* Assets.xcassets in Resources */,
			);
			runOnlyForDeploymentPostprocessing = 0;
		};
/* End PBXResourcesBuildPhase section */

/* Begin PBXSourcesBuildPhase section */
		184040772532DAC20085C6F6 /* Sources */ = {
			isa = PBXSourcesBuildPhase;
			buildActionMask = 2147483647;
			files = (
				1837E869253358E90031C529 /* Model.swift in Sources */,
				1840407F2532DAC20085C6F6 /* AppDelegate.swift in Sources */,
				184040812532DAC20085C6F6 /* SceneDelegate.swift in Sources */,
				184040932532DAF10085C6F6 /* LinkedList.swift in Sources */,
				1837E86D25337D110031C529 /* CustomButton.swift in Sources */,
				1837E86B25335A5B0031C529 /* ViewModel.swift in Sources */,
				184040832532DAC20085C6F6 /* ContentView.swift in Sources */,
			);
			runOnlyForDeploymentPostprocessing = 0;
		};
/* End PBXSourcesBuildPhase section */

/* Begin PBXVariantGroup section */
		184040892532DAC40085C6F6 /* LaunchScreen.storyboard */ = {
			isa = PBXVariantGroup;
			children = (
				1840408A2532DAC40085C6F6 /* Base */,
			);
			name = LaunchScreen.storyboard;
			sourceTree = "<group>";
		};
/* End PBXVariantGroup section */

/* Begin XCBuildConfiguration section */
		1840408D2532DAC40085C6F6 /* Debug */ = {
			isa = XCBuildConfiguration;
			buildSettings = {
				ALWAYS_SEARCH_USER_PATHS = NO;
				CLANG_ANALYZER_NONNULL = YES;
				CLANG_ANALYZER_NUMBER_OBJECT_CONVERSION = YES_AGGRESSIVE;
				CLANG_CXX_LANGUAGE_STANDARD = "gnu++14";
				CLANG_CXX_LIBRARY = "libc++";
				CLANG_ENABLE_MODULES = YES;
				CLANG_ENABLE_OBJC_ARC = YES;
				CLANG_ENABLE_OBJC_WEAK = YES;
				CLANG_WARN_BLOCK_CAPTURE_AUTORELEASING = YES;
				CLANG_WARN_BOOL_CONVERSION = YES;
				CLANG_WARN_COMMA = YES;
				CLANG_WARN_CONSTANT_CONVERSION = YES;
				CLANG_WARN_DEPRECATED_OBJC_IMPLEMENTATIONS = YES;
				CLANG_WARN_DIRECT_OBJC_ISA_USAGE = YES_ERROR;
				CLANG_WARN_DOCUMENTATION_COMMENTS = YES;
				CLANG_WARN_EMPTY_BODY = YES;
				CLANG_WARN_ENUM_CONVERSION = YES;
				CLANG_WARN_INFINITE_RECURSION = YES;
				CLANG_WARN_INT_CONVERSION = YES;
				CLANG_WARN_NON_LITERAL_NULL_CONVERSION = YES;
				CLANG_WARN_OBJC_IMPLICIT_RETAIN_SELF = YES;
				CLANG_WARN_OBJC_LITERAL_CONVERSION = YES;
				CLANG_WARN_OBJC_ROOT_CLASS = YES_ERROR;
				CLANG_WARN_RANGE_LOOP_ANALYSIS = YES;
				CLANG_WARN_STRICT_PROTOTYPES = YES;
				CLANG_WARN_SUSPICIOUS_MOVE = YES;
				CLANG_WARN_UNGUARDED_AVAILABILITY = YES_AGGRESSIVE;
				CLANG_WARN_UNREACHABLE_CODE = YES;
				CLANG_WARN__DUPLICATE_METHOD_MATCH = YES;
				COPY_PHASE_STRIP = NO;
				DEBUG_INFORMATION_FORMAT = dwarf;
				ENABLE_STRICT_OBJC_MSGSEND = YES;
				ENABLE_TESTABILITY = YES;
				GCC_C_LANGUAGE_STANDARD = gnu11;
				GCC_DYNAMIC_NO_PIC = NO;
				GCC_NO_COMMON_BLOCKS = YES;
				GCC_OPTIMIZATION_LEVEL = 0;
				GCC_PREPROCESSOR_DEFINITIONS = (
					"DEBUG=1",
					"$(inherited)",
				);
				GCC_WARN_64_TO_32_BIT_CONVERSION = YES;
				GCC_WARN_ABOUT_RETURN_TYPE = YES_ERROR;
				GCC_WARN_UNDECLARED_SELECTOR = YES;
				GCC_WARN_UNINITIALIZED_AUTOS = YES_AGGRESSIVE;
				GCC_WARN_UNUSED_FUNCTION = YES;
				GCC_WARN_UNUSED_VARIABLE = YES;
				IPHONEOS_DEPLOYMENT_TARGET = 13.6;
				MTL_ENABLE_DEBUG_INFO = INCLUDE_SOURCE;
				MTL_FAST_MATH = YES;
				ONLY_ACTIVE_ARCH = YES;
				SDKROOT = iphoneos;
				SWIFT_ACTIVE_COMPILATION_CONDITIONS = DEBUG;
				SWIFT_OPTIMIZATION_LEVEL = "-Onone";
			};
			name = Debug;
		};
		1840408E2532DAC40085C6F6 /* Release */ = {
			isa = XCBuildConfiguration;
			buildSettings = {
				ALWAYS_SEARCH_USER_PATHS = NO;
				CLANG_ANALYZER_NONNULL = YES;
				CLANG_ANALYZER_NUMBER_OBJECT_CONVERSION = YES_AGGRESSIVE;
				CLANG_CXX_LANGUAGE_STANDARD = "gnu++14";
				CLANG_CXX_LIBRARY = "libc++";
				CLANG_ENABLE_MODULES = YES;
				CLANG_ENABLE_OBJC_ARC = YES;
				CLANG_ENABLE_OBJC_WEAK = YES;
				CLANG_WARN_BLOCK_CAPTURE_AUTORELEASING = YES;
				CLANG_WARN_BOOL_CONVERSION = YES;
				CLANG_WARN_COMMA = YES;
				CLANG_WARN_CONSTANT_CONVERSION = YES;
				CLANG_WARN_DEPRECATED_OBJC_IMPLEMENTATIONS = YES;
				CLANG_WARN_DIRECT_OBJC_ISA_USAGE = YES_ERROR;
				CLANG_WARN_DOCUMENTATION_COMMENTS = YES;
				CLANG_WARN_EMPTY_BODY = YES;
				CLANG_WARN_ENUM_CONVERSION = YES;
				CLANG_WARN_INFINITE_RECURSION = YES;
				CLANG_WARN_INT_CONVERSION = YES;
				CLANG_WARN_NON_LITERAL_NULL_CONVERSION = YES;
				CLANG_WARN_OBJC_IMPLICIT_RETAIN_SELF = YES;
				CLANG_WARN_OBJC_LITERAL_CONVERSION = YES;
				CLANG_WARN_OBJC_ROOT_CLASS = YES_ERROR;
				CLANG_WARN_RANGE_LOOP_ANALYSIS = YES;
				CLANG_WARN_STRICT_PROTOTYPES = YES;
				CLANG_WARN_SUSPICIOUS_MOVE = YES;
				CLANG_WARN_UNGUARDED_AVAILABILITY = YES_AGGRESSIVE;
				CLANG_WARN_UNREACHABLE_CODE = YES;
				CLANG_WARN__DUPLICATE_METHOD_MATCH = YES;
				COPY_PHASE_STRIP = NO;
				DEBUG_INFORMATION_FORMAT = "dwarf-with-dsym";
				ENABLE_NS_ASSERTIONS = NO;
				ENABLE_STRICT_OBJC_MSGSEND = YES;
				GCC_C_LANGUAGE_STANDARD = gnu11;
				GCC_NO_COMMON_BLOCKS = YES;
				GCC_WARN_64_TO_32_BIT_CONVERSION = YES;
				GCC_WARN_ABOUT_RETURN_TYPE = YES_ERROR;
				GCC_WARN_UNDECLARED_SELECTOR = YES;
				GCC_WARN_UNINITIALIZED_AUTOS = YES_AGGRESSIVE;
				GCC_WARN_UNUSED_FUNCTION = YES;
				GCC_WARN_UNUSED_VARIABLE = YES;
				IPHONEOS_DEPLOYMENT_TARGET = 13.6;
				MTL_ENABLE_DEBUG_INFO = NO;
				MTL_FAST_MATH = YES;
				SDKROOT = iphoneos;
				SWIFT_COMPILATION_MODE = wholemodule;
				SWIFT_OPTIMIZATION_LEVEL = "-O";
				VALIDATE_PRODUCT = YES;
			};
			name = Release;
		};
		184040902532DAC40085C6F6 /* Debug */ = {
			isa = XCBuildConfiguration;
			buildSettings = {
				ASSETCATALOG_COMPILER_APPICON_NAME = AppIcon;
				CODE_SIGN_STYLE = Automatic;
				DEVELOPMENT_ASSET_PATHS = "\"LinkedListDemo/Preview Content\"";
				DEVELOPMENT_TEAM = 37CMR39K2W;
				ENABLE_PREVIEWS = YES;
				INFOPLIST_FILE = LinkedListDemo/Info.plist;
				LD_RUNPATH_SEARCH_PATHS = (
					"$(inherited)",
					"@executable_path/Frameworks",
				);
				PRODUCT_BUNDLE_IDENTIFIER = in.saurabhbose.LinkedListDemo;
				PRODUCT_NAME = "$(TARGET_NAME)";
				SWIFT_VERSION = 5.0;
				TARGETED_DEVICE_FAMILY = "1,2";
			};
			name = Debug;
		};
		184040912532DAC40085C6F6 /* Release */ = {
			isa = XCBuildConfiguration;
			buildSettings = {
				ASSETCATALOG_COMPILER_APPICON_NAME = AppIcon;
				CODE_SIGN_STYLE = Automatic;
				DEVELOPMENT_ASSET_PATHS = "\"LinkedListDemo/Preview Content\"";
				DEVELOPMENT_TEAM = 37CMR39K2W;
				ENABLE_PREVIEWS = YES;
				INFOPLIST_FILE = LinkedListDemo/Info.plist;
				LD_RUNPATH_SEARCH_PATHS = (
					"$(inherited)",
					"@executable_path/Frameworks",
				);
				PRODUCT_BUNDLE_IDENTIFIER = in.saurabhbose.LinkedListDemo;
				PRODUCT_NAME = "$(TARGET_NAME)";
				SWIFT_VERSION = 5.0;
				TARGETED_DEVICE_FAMILY = "1,2";
			};
			name = Release;
		};
/* End XCBuildConfiguration section */

/* Begin XCConfigurationList section */
		184040762532DAC20085C6F6 /* Build configuration list for PBXProject "LinkedListDemo" */ = {
			isa = XCConfigurationList;
			buildConfigurations = (
				1840408D2532DAC40085C6F6 /* Debug */,
				1840408E2532DAC40085C6F6 /* Release */,
			);
			defaultConfigurationIsVisible = 0;
			defaultConfigurationName = Release;
		};
		1840408F2532DAC40085C6F6 /* Build configuration list for PBXNativeTarget "LinkedListDemo" */ = {
			isa = XCConfigurationList;
			buildConfigurations = (
				184040902532DAC40085C6F6 /* Debug */,
				184040912532DAC40085C6F6 /* Release */,
			);
			defaultConfigurationIsVisible = 0;
			defaultConfigurationName = Release;
		};
/* End XCConfigurationList section */
	};
	rootObject = 184040732532DAC20085C6F6 /* Project object */;
}
